
Microsoft Visual Studio Solution File, Format Version 12.00
# Visual Studio Version 17
VisualStudioVersion = 17.9.34723.18
MinimumVisualStudioVersion = 10.0.40219.1
Project("{FAE04EC0-301F-11D3-BF4B-00C04F79EFBC}") = "BackupSqlServerTool", "BackupSqlServerTool.csproj", "{DCF48D58-58DE-4C72-8A5D-50D49C4631E5}"
EndProject
Global
	GlobalSection(SolutionConfigurationPlatforms) = preSolution
		Debug|Any CPU = Debug|Any CPU
		Release|Any CPU = Release|Any CPU
	EndGlobalSection
	GlobalSection(ProjectConfigurationPlatforms) = postSolution
		{DCF48D58-58DE-4C72-8A5D-50D49C4631E5}.Debug|Any CPU.ActiveCfg = Debug|Any CPU
		{DCF48D58-58DE-4C72-8A5D-50D49C4631E5}.Debug|Any CPU.Build.0 = Debug|Any CPU
		{DCF48D58-58DE-4C72-8A5D-50D49C4631E5}.Release|Any CPU.ActiveCfg = Release|Any CPU
		{DCF48D58-58DE-4C72-8A5D-50D49C4631E5}.Release|Any CPU.Build.0 = Release|Any CPU
	EndGlobalSection
	GlobalSection(SolutionProperties) = preSolution
		HideSolutionNode = FALSE
	EndGlobalSection
	GlobalSection(ExtensibilityGlobals) = postSolution
		SolutionGuid = {50070D3F-AC6F-4C85-B976-0412411044FF}
	EndGlobalSection
EndGlobal
